
Microsoft Visual Studio Solution File, Format Version 12.00
# Visual Studio Version 17
VisualStudioVersion = 17.1.32421.90
MinimumVisualStudioVersion = 10.0.40219.1
Project("{2150E333-8FDC-42A3-9474-1A3956D46DE8}") = "Application", "Application", "{355A33B3-8532-401F-B054-6A7CEC7BA563}"
EndProject
Project("{2150E333-8FDC-42A3-9474-1A3956D46DE8}") = "Domain", "Domain", "{3B47C2E6-B6DF-4A7E-81DD-1A042DA394BA}"
EndProject
Project("{2150E333-8FDC-42A3-9474-1A3956D46DE8}") = "Infrastructure", "Infrastructure", "{5D9A13A6-D327-413A-B888-08DBC2EADB15}"
EndProject
Project("{FAE04EC0-301F-11D3-BF4B-00C04F79EFBC}") = "SavingService.Infrastructure.Data", "src\SavingService.Infrastructure.Data\SavingService.Infrastructure.Data.csproj", "{38081A15-1559-41D3-B17A-94FEC8D2FB17}"
EndProject
Project("{2150E333-8FDC-42A3-9474-1A3956D46DE8}") = "CrossCutting", "CrossCutting", "{C68E14E6-8737-4F84-88A5-7CCB2024019D}"
EndProject
Project("{FAE04EC0-301F-11D3-BF4B-00C04F79EFBC}") = "SavingService.CrossCutting.Common", "src\SavingService.CrossCutting.Common\SavingService.CrossCutting.Common.csproj", "{43089624-9B61-4758-932E-C27CB6E29ED9}"
EndProject
Project("{FAE04EC0-301F-11D3-BF4B-00C04F79EFBC}") = "SavingService.Infrastructure.Interface", "src\SavingService.Infrastructure.Interface\SavingService.Infrastructure.Interface.csproj", "{ABD86381-CB37-474B-8D7C-65E32AE2BB8A}"
EndProject
Project("{FAE04EC0-301F-11D3-BF4B-00C04F79EFBC}") = "SavingService.Infrastructure.Repository", "src\SavingService.Infrastructure.Repository\SavingService.Infrastructure.Repository.csproj", "{AF135F41-E7FD-4B6B-BDB2-C67BC1966B38}"
EndProject
Project("{2150E333-8FDC-42A3-9474-1A3956D46DE8}") = "Service", "Service", "{902ADC38-ECDD-488F-9367-D3F2C6E55FB9}"
EndProject
Project("{FAE04EC0-301F-11D3-BF4B-00C04F79EFBC}") = "SavingService.Domain.Entity", "src\SavingService.Domain.Entity\SavingService.Domain.Entity.csproj", "{D8CB92F3-326D-42D0-9E21-998AC68C9075}"
EndProject
Project("{FAE04EC0-301F-11D3-BF4B-00C04F79EFBC}") = "SavingService.Application.DTO", "src\SavingService.Application.DTO\SavingService.Application.DTO.csproj", "{692E2AC5-87BF-4E90-8F68-F21DB03EF9DF}"
EndProject
Project("{FAE04EC0-301F-11D3-BF4B-00C04F79EFBC}") = "SavingService.CrossCutting.Mapper", "src\SavingService.CrossCutting.Mapper\SavingService.CrossCutting.Mapper.csproj", "{78DE92AA-E7A5-4BC7-AA03-6597A19D3174}"
EndProject
Project("{FAE04EC0-301F-11D3-BF4B-00C04F79EFBC}") = "SavingService.Application.Interface", "src\SavingService.Application.Interface\SavingService.Application.Interface.csproj", "{4BE98BE8-F342-4EEF-8946-22FF1E660B8D}"
EndProject
Project("{FAE04EC0-301F-11D3-BF4B-00C04F79EFBC}") = "SavingService.Domain.Core", "src\SavingService.Domain.Core\SavingService.Domain.Core.csproj", "{B887A008-92F1-47E9-8F97-BADDA3173510}"
EndProject
Project("{FAE04EC0-301F-11D3-BF4B-00C04F79EFBC}") = "SavingService.Domain.Interface", "src\SavingService.Domain.Interface\SavingService.Domain.Interface.csproj", "{C1B9E273-4F87-4CB2-BE4A-1DACEB030509}"
EndProject
Project("{FAE04EC0-301F-11D3-BF4B-00C04F79EFBC}") = "SavingService.Application.Main", "src\SavingService.Application.Main\SavingService.Application.Main.csproj", "{51B0DB01-98D8-4D84-BA62-6E0CF2A4C7AD}"
EndProject
Project("{FAE04EC0-301F-11D3-BF4B-00C04F79EFBC}") = "SavingService.Services.WebApi", "src\SavingService.Services.WebApi\SavingService.Services.WebApi.csproj", "{60B886EC-3CD2-42F5-B8A6-415D0871A1D6}"
EndProject
Global
	GlobalSection(SolutionConfigurationPlatforms) = preSolution
		Debug|Any CPU = Debug|Any CPU
		Release|Any CPU = Release|Any CPU
	EndGlobalSection
	GlobalSection(ProjectConfigurationPlatforms) = postSolution
		{38081A15-1559-41D3-B17A-94FEC8D2FB17}.Debug|Any CPU.ActiveCfg = Debug|Any CPU
		{38081A15-1559-41D3-B17A-94FEC8D2FB17}.Debug|Any CPU.Build.0 = Debug|Any CPU
		{38081A15-1559-41D3-B17A-94FEC8D2FB17}.Release|Any CPU.ActiveCfg = Release|Any CPU
		{38081A15-1559-41D3-B17A-94FEC8D2FB17}.Release|Any CPU.Build.0 = Release|Any CPU
		{43089624-9B61-4758-932E-C27CB6E29ED9}.Debug|Any CPU.ActiveCfg = Debug|Any CPU
		{43089624-9B61-4758-932E-C27CB6E29ED9}.Debug|Any CPU.Build.0 = Debug|Any CPU
		{43089624-9B61-4758-932E-C27CB6E29ED9}.Release|Any CPU.ActiveCfg = Release|Any CPU
		{43089624-9B61-4758-932E-C27CB6E29ED9}.Release|Any CPU.Build.0 = Release|Any CPU
		{ABD86381-CB37-474B-8D7C-65E32AE2BB8A}.Debug|Any CPU.ActiveCfg = Debug|Any CPU
		{ABD86381-CB37-474B-8D7C-65E32AE2BB8A}.Debug|Any CPU.Build.0 = Debug|Any CPU
		{ABD86381-CB37-474B-8D7C-65E32AE2BB8A}.Release|Any CPU.ActiveCfg = Release|Any CPU
		{ABD86381-CB37-474B-8D7C-65E32AE2BB8A}.Release|Any CPU.Build.0 = Release|Any CPU
		{AF135F41-E7FD-4B6B-BDB2-C67BC1966B38}.Debug|Any CPU.ActiveCfg = Debug|Any CPU
		{AF135F41-E7FD-4B6B-BDB2-C67BC1966B38}.Debug|Any CPU.Build.0 = Debug|Any CPU
		{AF135F41-E7FD-4B6B-BDB2-C67BC1966B38}.Release|Any CPU.ActiveCfg = Release|Any CPU
		{AF135F41-E7FD-4B6B-BDB2-C67BC1966B38}.Release|Any CPU.Build.0 = Release|Any CPU
		{D8CB92F3-326D-42D0-9E21-998AC68C9075}.Debug|Any CPU.ActiveCfg = Debug|Any CPU
		{D8CB92F3-326D-42D0-9E21-998AC68C9075}.Debug|Any CPU.Build.0 = Debug|Any CPU
		{D8CB92F3-326D-42D0-9E21-998AC68C9075}.Release|Any CPU.ActiveCfg = Release|Any CPU
		{D8CB92F3-326D-42D0-9E21-998AC68C9075}.Release|Any CPU.Build.0 = Release|Any CPU
		{692E2AC5-87BF-4E90-8F68-F21DB03EF9DF}.Debug|Any CPU.ActiveCfg = Debug|Any CPU
		{692E2AC5-87BF-4E90-8F68-F21DB03EF9DF}.Debug|Any CPU.Build.0 = Debug|Any CPU
		{692E2AC5-87BF-4E90-8F68-F21DB03EF9DF}.Release|Any CPU.ActiveCfg = Release|Any CPU
		{692E2AC5-87BF-4E90-8F68-F21DB03EF9DF}.Release|Any CPU.Build.0 = Release|Any CPU
		{78DE92AA-E7A5-4BC7-AA03-6597A19D3174}.Debug|Any CPU.ActiveCfg = Debug|Any CPU
		{78DE92AA-E7A5-4BC7-AA03-6597A19D3174}.Debug|Any CPU.Build.0 = Debug|Any CPU
		{78DE92AA-E7A5-4BC7-AA03-6597A19D3174}.Release|Any CPU.ActiveCfg = Release|Any CPU
		{78DE92AA-E7A5-4BC7-AA03-6597A19D3174}.Release|Any CPU.Build.0 = Release|Any CPU
		{4BE98BE8-F342-4EEF-8946-22FF1E660B8D}.Debug|Any CPU.ActiveCfg = Debug|Any CPU
		{4BE98BE8-F342-4EEF-8946-22FF1E660B8D}.Debug|Any CPU.Build.0 = Debug|Any CPU
		{4BE98BE8-F342-4EEF-8946-22FF1E660B8D}.Release|Any CPU.ActiveCfg = Release|Any CPU
		{4BE98BE8-F342-4EEF-8946-22FF1E660B8D}.Release|Any CPU.Build.0 = Release|Any CPU
		{B887A008-92F1-47E9-8F97-BADDA3173510}.Debug|Any CPU.ActiveCfg = Debug|Any CPU
		{B887A008-92F1-47E9-8F97-BADDA3173510}.Debug|Any CPU.Build.0 = Debug|Any CPU
		{B887A008-92F1-47E9-8F97-BADDA3173510}.Release|Any CPU.ActiveCfg = Release|Any CPU
		{B887A008-92F1-47E9-8F97-BADDA3173510}.Release|Any CPU.Build.0 = Release|Any CPU
		{C1B9E273-4F87-4CB2-BE4A-1DACEB030509}.Debug|Any CPU.ActiveCfg = Debug|Any CPU
		{C1B9E273-4F87-4CB2-BE4A-1DACEB030509}.Debug|Any CPU.Build.0 = Debug|Any CPU
		{C1B9E273-4F87-4CB2-BE4A-1DACEB030509}.Release|Any CPU.ActiveCfg = Release|Any CPU
		{C1B9E273-4F87-4CB2-BE4A-1DACEB030509}.Release|Any CPU.Build.0 = Release|Any CPU
		{51B0DB01-98D8-4D84-BA62-6E0CF2A4C7AD}.Debug|Any CPU.ActiveCfg = Debug|Any CPU
		{51B0DB01-98D8-4D84-BA62-6E0CF2A4C7AD}.Debug|Any CPU.Build.0 = Debug|Any CPU
		{51B0DB01-98D8-4D84-BA62-6E0CF2A4C7AD}.Release|Any CPU.ActiveCfg = Release|Any CPU
		{51B0DB01-98D8-4D84-BA62-6E0CF2A4C7AD}.Release|Any CPU.Build.0 = Release|Any CPU
		{60B886EC-3CD2-42F5-B8A6-415D0871A1D6}.Debug|Any CPU.ActiveCfg = Debug|Any CPU
		{60B886EC-3CD2-42F5-B8A6-415D0871A1D6}.Debug|Any CPU.Build.0 = Debug|Any CPU
		{60B886EC-3CD2-42F5-B8A6-415D0871A1D6}.Release|Any CPU.ActiveCfg = Release|Any CPU
		{60B886EC-3CD2-42F5-B8A6-415D0871A1D6}.Release|Any CPU.Build.0 = Release|Any CPU
	EndGlobalSection
	GlobalSection(SolutionProperties) = preSolution
		HideSolutionNode = FALSE
	EndGlobalSection
	GlobalSection(NestedProjects) = preSolution
		{38081A15-1559-41D3-B17A-94FEC8D2FB17} = {5D9A13A6-D327-413A-B888-08DBC2EADB15}
		{43089624-9B61-4758-932E-C27CB6E29ED9} = {C68E14E6-8737-4F84-88A5-7CCB2024019D}
		{ABD86381-CB37-474B-8D7C-65E32AE2BB8A} = {5D9A13A6-D327-413A-B888-08DBC2EADB15}
		{AF135F41-E7FD-4B6B-BDB2-C67BC1966B38} = {5D9A13A6-D327-413A-B888-08DBC2EADB15}
		{D8CB92F3-326D-42D0-9E21-998AC68C9075} = {3B47C2E6-B6DF-4A7E-81DD-1A042DA394BA}
		{692E2AC5-87BF-4E90-8F68-F21DB03EF9DF} = {355A33B3-8532-401F-B054-6A7CEC7BA563}
		{78DE92AA-E7A5-4BC7-AA03-6597A19D3174} = {C68E14E6-8737-4F84-88A5-7CCB2024019D}
		{4BE98BE8-F342-4EEF-8946-22FF1E660B8D} = {355A33B3-8532-401F-B054-6A7CEC7BA563}
		{B887A008-92F1-47E9-8F97-BADDA3173510} = {3B47C2E6-B6DF-4A7E-81DD-1A042DA394BA}
		{C1B9E273-4F87-4CB2-BE4A-1DACEB030509} = {3B47C2E6-B6DF-4A7E-81DD-1A042DA394BA}
		{51B0DB01-98D8-4D84-BA62-6E0CF2A4C7AD} = {355A33B3-8532-401F-B054-6A7CEC7BA563}
		{60B886EC-3CD2-42F5-B8A6-415D0871A1D6} = {902ADC38-ECDD-488F-9367-D3F2C6E55FB9}
	EndGlobalSection
	GlobalSection(ExtensibilityGlobals) = postSolution
		SolutionGuid = {DF169FF3-A06E-4BA5-9859-B44633EEB689}
	EndGlobalSection
EndGlobal
